<?xml version="1.0" encoding="utf-8"?>
<Project ToolsVersion="4.0" xmlns="http://schemas.microsoft.com/developer/msbuild/2003">
  <ItemGroup>
    <Filter Include="Arquivos de Origem">
      <UniqueIdentifier>{4FC737F1-C7A5-4376-A066-2A32D752A2FF}</UniqueIdentifier>
      <Extensions>cpp;c;cc;cxx;c++;cppm;ixx;def;odl;idl;hpj;bat;asm;asmx</Extensions>
    </Filter>
    <Filter Include="Arquivos de Cabeçalho">
      <UniqueIdentifier>{93995380-89BD-4b04-88EB-625FBE52EBFB}</UniqueIdentifier>
      <Extensions>h;hh;hpp;hxx;h++;hm;inl;inc;ipp;xsd</Extensions>
    </Filter>
    <Filter Include="Arquivos de Origem\Samples">
      <UniqueIdentifier>{3af2ce30-657e-4f40-b4fb-fce5927aaba1}</UniqueIdentifier>
    </Filter>
    <Filter Include="Arquivos de Origem\Exercicios">
      <UniqueIdentifier>{9a7ff3d0-a3d5-4f3e-9914-e4ce894a1692}</UniqueIdentifier>
    </Filter>
    <Filter Include="Arquivos de Origem\Samples\Conteudos">
      <UniqueIdentifier>{f72965d6-9805-462c-a493-64e052a104c1}</UniqueIdentifier>
    </Filter>
    <Filter Include="Arquivos de Origem\Samples\Conteudos\6 - Strings">
      <UniqueIdentifier>{4cc634eb-b5e1-41b1-9da2-91d05e384266}</UniqueIdentifier>
    </Filter>
    <Filter Include="Arquivos de Origem\Arquivos de Recurso">
      <UniqueIdentifier>{67DA6AB6-F800-4c08-8B7A-83BB121AAD01}</UniqueIdentifier>
      <Extensions>rc;ico;cur;bmp;dlg;rc2;rct;bin;rgs;gif;jpg;jpeg;jpe;resx;tiff;tif;png;wav;mfcribbon-ms</Extensions>
    </Filter>
    <Filter Include="Arquivos de Origem\Samples\Conteudos\7 - Arquivos">
      <UniqueIdentifier>{9f29e7e4-9e7c-4769-ac35-9936686b1dc3}</UniqueIdentifier>
    </Filter>
    <Filter Include="Arquivos de Origem\Samples\Conteudos\8 - POO">
      <UniqueIdentifier>{ab226ef6-fd58-4ba6-bc6e-909d8abe2407}</UniqueIdentifier>
    </Filter>
    <Filter Include="Arquivos de Origem\Samples\Conteudos\1 - ArraysDinamicos">
      <UniqueIdentifier>{ba1d2e8c-45ea-4175-9b38-c8fb4e2e0337}</UniqueIdentifier>
    </Filter>
  </ItemGroup>
  <ItemGroup>
    <ClCompile Include="Main.cpp">
      <Filter>Arquivos de Origem</Filter>
    </ClCompile>
    <ClCompile Include="AreaCircunferencia.cpp">
      <Filter>Arquivos de Origem\Samples</Filter>
    </ClCompile>
    <ClCompile Include="FormulaBhaskara.cpp">
      <Filter>Arquivos de Origem\Samples</Filter>
    </ClCompile>
    <ClCompile Include="InsencaoIRRF.cpp">
      <Filter>Arquivos de Origem\Samples</Filter>
    </ClCompile>
    <ClCompile Include="ListaExercicios1.cpp">
      <Filter>Arquivos de Origem\Exercicios</Filter>
    </ClCompile>
    <ClCompile Include="ListaExercicios4.cpp">
      <Filter>Arquivos de Origem\Exercicios</Filter>
    </ClCompile>
    <ClCompile Include="ArrayDinamico.cpp">
      <Filter>Arquivos de Origem\Samples\Conteudos</Filter>
    </ClCompile>
    <ClCompile Include="ParametrosPorReferencia.cpp">
      <Filter>Arquivos de Origem\Samples\Conteudos</Filter>
    </ClCompile>
    <ClCompile Include="SobreCarga.cpp">
      <Filter>Arquivos de Origem\Samples\Conteudos</Filter>
    </ClCompile>
    <ClCompile Include="Ponteiros.cpp">
      <Filter>Arquivos de Origem\Samples\Conteudos</Filter>
    </ClCompile>
    <ClCompile Include="PonteirosParaFuncoes.cpp">
      <Filter>Arquivos de Origem\Samples\Conteudos</Filter>
    </ClCompile>
    <ClCompile Include="NulOuNull.cpp">
      <Filter>Arquivos de Origem\Samples\Conteudos</Filter>
    </ClCompile>
    <ClCompile Include="ListaExercicio5.cpp">
      <Filter>Arquivos de Origem\Exercicios</Filter>
    </ClCompile>
    <ClCompile Include="StringEstiloC.cpp">
      <Filter>Arquivos de Origem\Samples\Conteudos\6 - Strings</Filter>
    </ClCompile>
    <ClCompile Include="StringEstiloCpp.cpp">
      <Filter>Arquivos de Origem\Samples\Conteudos\6 - Strings</Filter>
    </ClCompile>
    <ClCompile Include="Arquivo.cpp">
      <Filter>Arquivos de Origem\Samples\Conteudos\7 - Arquivos</Filter>
    </ClCompile>
    <ClCompile Include="Pessoa.cpp">
      <Filter>Arquivos de Origem\Samples\Conteudos\8 - POO</Filter>
    </ClCompile>
  </ItemGroup>
  <ItemGroup>
    <ClInclude Include="AreaCircunferencia.h">
      <Filter>Arquivos de Cabeçalho</Filter>
    </ClInclude>
    <ClInclude Include="FormulaBhaskara.h">
      <Filter>Arquivos de Cabeçalho</Filter>
    </ClInclude>
    <ClInclude Include="InsencaoIRRF.h">
      <Filter>Arquivos de Cabeçalho</Filter>
    </ClInclude>
    <ClInclude Include="Exercicios.h">
      <Filter>Arquivos de Cabeçalho</Filter>
    </ClInclude>
    <ClInclude Include="ParametrosPorReferencia.h">
      <Filter>Arquivos de Cabeçalho</Filter>
    </ClInclude>
    <ClInclude Include="SobreCarga.h">
      <Filter>Arquivos de Cabeçalho</Filter>
    </ClInclude>
    <ClInclude Include="Ponteiros.h">
      <Filter>Arquivos de Cabeçalho</Filter>
    </ClInclude>
    <ClInclude Include="ArrayDinamico.h">
      <Filter>Arquivos de Cabeçalho</Filter>
    </ClInclude>
    <ClInclude Include="PonteirosParaFuncoes.h">
      <Filter>Arquivos de Cabeçalho</Filter>
    </ClInclude>
    <ClInclude Include="NulOuNull.h">
      <Filter>Arquivos de Cabeçalho</Filter>
    </ClInclude>
    <ClInclude Include="ListaExercicio5.h">
      <Filter>Arquivos de Cabeçalho</Filter>
    </ClInclude>
    <ClInclude Include="StringEstiloC.h">
      <Filter>Arquivos de Cabeçalho</Filter>
    </ClInclude>
    <ClInclude Include="StringEstiloCpp.h">
      <Filter>Arquivos de Cabeçalho</Filter>
    </ClInclude>
    <ClInclude Include="Arquivo.h">
      <Filter>Arquivos de Cabeçalho</Filter>
    </ClInclude>
    <ClInclude Include="Pessoa.h">
      <Filter>Arquivos de Cabeçalho</Filter>
    </ClInclude>
  </ItemGroup>
</Project>